github.com/KarpelesLab/goavif v0.1.0 h1:CJ5go0sQPjpfNL0E7Zzgn/IMi5ppv/gd1oy4URU2+j4=
github.com/KarpelesLab/goavif v0.1.0/go.mod h1:JvXzaymMyoNY+cWkJhMLM1f89NM2+4cYaYOz2P5vgO8=
github.com/KarpelesLab/gowebp v0.1.1 h1:W11ZrRVx+Zk4ypW5NBEU31FQzghICXIrAbAbO5yd4M0=
github.com/KarpelesLab/gowebp v0.1.1/go.mod h1:Js8OXPQ94yl94HqaO/9XuUqk0wOPod6uycryhzmTgsU=
github.com/deepteams/webp v1.2.8 h1:iFLBxo4V34ixqay6+MTB18zujCM8VSe1ejsYh+ue1nA=
github.com/deepteams/webp v1.2.8/go.mod h1:J8Ap+HAixxpKKRN9IpEeSKlfvhsef1v43jKTO7m3f4c=
github.com/gen2brain/gav1d v0.2.5 h1:Zg5/DE1JBdf8kxZqIvNo2ZEizF9DVF9jdPTAKJQZbOY=
github.com/gen2brain/gav1d v0.2.5/go.mod h1:ReFKjHq7pvRhEk+pgRPAo9gOlcrf51sdzVcAbbX7e0E=
github.com/gen2brain/jxl v0.2.0 h1:cXSQnfbcC0JGFzaI344VzPMbe7mh6rYc0tjPcBUsE4U=
github.com/gen2brain/jxl v0.2.0/go.mod h1:VjJHRai/8I8Es01mULqyiOihRBOjJr1Zo+NoN/MyIwo=
golang.org/x/image v0.24.0 h1:AN7zRgVsbvmTfNyqIbbOraYL8mSwcKncEj8ofjgzcMQ=
golang.org/x/image v0.24.0/go.mod h1:4b/ITuLfqYq1hqZcjofwctIhi7sZh2WaCjvsBNjjya8=
